
Microsoft Visual Studio Solution File, Format Version 12.00
# Visual Studio Version 16
VisualStudioVersion = 16.0.30907.101
MinimumVisualStudioVersion = 10.0.40219.1
Project("{FAE04EC0-301F-11D3-BF4B-00C04F79EFBC}") = "DailyMatemaks", "DailyMatemaks.csproj", "{3313032C-49D9-4FC6-8850-E1DD4F968BE1}"
EndProject
Global
	GlobalSection(SolutionConfigurationPlatforms) = preSolution
		Debug|Any CPU = Debug|Any CPU
		Release|Any CPU = Release|Any CPU
	EndGlobalSection
	GlobalSection(ProjectConfigurationPlatforms) = postSolution
		{3313032C-49D9-4FC6-8850-E1DD4F968BE1}.Debug|Any CPU.ActiveCfg = Debug|Any CPU
		{3313032C-49D9-4FC6-8850-E1DD4F968BE1}.Debug|Any CPU.Build.0 = Debug|Any CPU
		{3313032C-49D9-4FC6-8850-E1DD4F968BE1}.Release|Any CPU.ActiveCfg = Release|Any CPU
		{3313032C-49D9-4FC6-8850-E1DD4F968BE1}.Release|Any CPU.Build.0 = Release|Any CPU
	EndGlobalSection
	GlobalSection(SolutionProperties) = preSolution
		HideSolutionNode = FALSE
	EndGlobalSection
	GlobalSection(ExtensibilityGlobals) = postSolution
		SolutionGuid = {3EA5AB36-5D51-4BFF-A13E-30E09577EC1A}
	EndGlobalSection
EndGlobal
